
Microsoft Visual Studio Solution File, Format Version 12.00
# Visual Studio 15
Project("{FAE04EC0-301F-11D3-BF4B-00C04F79EFBC}") = "tag", "Assembly-CSharp.csproj", "{22EC3FC8-C148-BC01-8BD6-DB53FE8F97E7}"
EndProject
Project("{FAE04EC0-301F-11D3-BF4B-00C04F79EFBC}") = "tag", "Assembly-CSharp-firstpass.csproj", "{6FA0EF0A-4946-0F1B-6FF8-C44E3A56E09B}"
EndProject
Project("{FAE04EC0-301F-11D3-BF4B-00C04F79EFBC}") = "tag", "Assembly-CSharp-Editor.csproj", "{CA12666C-5C34-8744-DD26-DBD176338FED}"
EndProject
Global
	GlobalSection(SolutionConfigurationPlatforms) = preSolution
		Debug|Any CPU = Debug|Any CPU
		Release|Any CPU = Release|Any CPU
	EndGlobalSection
	GlobalSection(ProjectConfigurationPlatforms) = postSolution
		{22EC3FC8-C148-BC01-8BD6-DB53FE8F97E7}.Debug|Any CPU.ActiveCfg = Debug|Any CPU
		{22EC3FC8-C148-BC01-8BD6-DB53FE8F97E7}.Debug|Any CPU.Build.0 = Debug|Any CPU
		{22EC3FC8-C148-BC01-8BD6-DB53FE8F97E7}.Release|Any CPU.ActiveCfg = Release|Any CPU
		{22EC3FC8-C148-BC01-8BD6-DB53FE8F97E7}.Release|Any CPU.Build.0 = Release|Any CPU
		{6FA0EF0A-4946-0F1B-6FF8-C44E3A56E09B}.Debug|Any CPU.ActiveCfg = Debug|Any CPU
		{6FA0EF0A-4946-0F1B-6FF8-C44E3A56E09B}.Debug|Any CPU.Build.0 = Debug|Any CPU
		{6FA0EF0A-4946-0F1B-6FF8-C44E3A56E09B}.Release|Any CPU.ActiveCfg = Release|Any CPU
		{6FA0EF0A-4946-0F1B-6FF8-C44E3A56E09B}.Release|Any CPU.Build.0 = Release|Any CPU
		{CA12666C-5C34-8744-DD26-DBD176338FED}.Debug|Any CPU.ActiveCfg = Debug|Any CPU
		{CA12666C-5C34-8744-DD26-DBD176338FED}.Debug|Any CPU.Build.0 = Debug|Any CPU
		{CA12666C-5C34-8744-DD26-DBD176338FED}.Release|Any CPU.ActiveCfg = Release|Any CPU
		{CA12666C-5C34-8744-DD26-DBD176338FED}.Release|Any CPU.Build.0 = Release|Any CPU
	EndGlobalSection
	GlobalSection(SolutionProperties) = preSolution
		HideSolutionNode = FALSE
	EndGlobalSection
EndGlobal
